lockfileVersion: '9.0'

settings:
  autoInstallPeers: true
  excludeLinksFromLockfile: false

importers:

  .:
    dependencies:
      zenn-cli:
        specifier: ^0.2.6
        version: 0.2.6

packages:

  zenn-cli@0.2.6:
    resolution: {integrity: sha512-rDRd13/PuJBjpj5nskuf0tOgPb9SBMHF6r4Fu0zdYQsK0iLPtoP240RhZdAIh5d70jPgjf4EtSTRgoJ8n9Tvjg==}
    engines: {node: '>=22.0.0'}
    hasBin: true

snapshots:

  zenn-cli@0.2.6: {}
